
Microsoft Visual Studio Solution File, Format Version 12.00
# Visual Studio Version 17
VisualStudioVersion = 17.9.34728.123
MinimumVisualStudioVersion = 10.0.40219.1
Project("{9A19103F-16F7-4668-BE54-9A1E7A4F7556}") = "Exercicio de multiplas janelas", "Exercicio de multiplas janelas\Exercicio de multiplas janelas.csproj", "{0061422A-7D07-43FD-B1DC-5761B7444892}"
EndProject
Project("{2150E333-8FDC-42A3-9474-1A3956D46DE8}") = "Solution Items", "Solution Items", "{068C31BE-1763-4BC6-92F7-6AF3EC27A467}"
	ProjectSection(SolutionItems) = preProject
		.editorconfig = .editorconfig
	EndProjectSection
EndProject
Global
	GlobalSection(SolutionConfigurationPlatforms) = preSolution
		Debug|Any CPU = Debug|Any CPU
		Release|Any CPU = Release|Any CPU
	EndGlobalSection
	GlobalSection(ProjectConfigurationPlatforms) = postSolution
		{0061422A-7D07-43FD-B1DC-5761B7444892}.Debug|Any CPU.ActiveCfg = Debug|Any CPU
		{0061422A-7D07-43FD-B1DC-5761B7444892}.Debug|Any CPU.Build.0 = Debug|Any CPU
		{0061422A-7D07-43FD-B1DC-5761B7444892}.Release|Any CPU.ActiveCfg = Release|Any CPU
		{0061422A-7D07-43FD-B1DC-5761B7444892}.Release|Any CPU.Build.0 = Release|Any CPU
	EndGlobalSection
	GlobalSection(SolutionProperties) = preSolution
		HideSolutionNode = FALSE
	EndGlobalSection
	GlobalSection(ExtensibilityGlobals) = postSolution
		SolutionGuid = {7ACAC225-31D0-4304-AB99-9E3B0F301EB4}
	EndGlobalSection
EndGlobal
